
Microsoft Visual Studio Solution File, Format Version 12.00
# Visual Studio Version 17
VisualStudioVersion = 17.0.31903.59
MinimumVisualStudioVersion = 10.0.40219.1
Project("{2150E333-8FDC-42A3-9474-1A3956D46DE8}") = "src", "src", "{7F990945-59DB-49FD-A4E3-63FE5109F5CB}"
EndProject
Project("{FAE04EC0-301F-11D3-BF4B-00C04F79EFBC}") = "Nexorsys.Identity.Core", "src\Nexorsys.Identity.Core\Nexorsys.Identity.Core.csproj", "{1142FC81-1642-4F6C-878D-B3769839ED4B}"
EndProject
Project("{FAE04EC0-301F-11D3-BF4B-00C04F79EFBC}") = "Nexorsys.Identity.Infrastructure", "src\Nexorsys.Identity.Infrastructure\Nexorsys.Identity.Infrastructure.csproj", "{B2F74F58-C2EC-467B-9BE9-7CB255E7555C}"
EndProject
Project("{FAE04EC0-301F-11D3-BF4B-00C04F79EFBC}") = "Nexorsys.Identity.API", "src\Nexorsys.Identity.API\Nexorsys.Identity.API.csproj", "{2EBA52BB-AEA4-43BF-A31B-E0D5F80755ED}"
EndProject
Project("{FAE04EC0-301F-11D3-BF4B-00C04F79EFBC}") = "Nexorsys.Agent.Core", "src\Nexorsys.Agent.Core\Nexorsys.Agent.Core.csproj", "{0AA72D22-51B3-4CAA-8220-06F8CDE22BF9}"
EndProject
Project("{FAE04EC0-301F-11D3-BF4B-00C04F79EFBC}") = "Nexorsys.WindowsAgent", "src\Nexorsys.WindowsAgent\Nexorsys.WindowsAgent.csproj", "{9F97E2E1-CCAC-4DDE-9EF0-E3032899B3A1}"
EndProject
Project("{2150E333-8FDC-42A3-9474-1A3956D46DE8}") = "tests", "tests", "{0AB3BF05-4346-4AA6-1389-037BE0695223}"
EndProject
Project("{FAE04EC0-301F-11D3-BF4B-00C04F79EFBC}") = "Nexorsys.WindowsAgent.Tests", "tests\Nexorsys.WindowsAgent.Tests\Nexorsys.WindowsAgent.Tests.csproj", "{8E860AA1-FFC1-45A4-AF8C-699D653147D3}"
EndProject
Project("{2150E333-8FDC-42A3-9474-1A3956D46DE8}") = "tools", "tools", "{07C2787E-EAC7-C090-1BA3-A61EC2A24D84}"
EndProject
Project("{FAE04EC0-301F-11D3-BF4B-00C04F79EFBC}") = "Nexorsys.RouteInventory", "tools\Nexorsys.RouteInventory\Nexorsys.RouteInventory.csproj", "{211629DD-76AE-4160-88B8-808E03D7CBFB}"
EndProject
Project("{FAE04EC0-301F-11D3-BF4B-00C04F79EFBC}") = "Nexorsys.Kiosk.Tests", "tests\Nexorsys.Kiosk.Tests\Nexorsys.Kiosk.Tests.csproj", "{D16B54BD-7774-4CDA-80B3-2924DA437348}"
EndProject
Project("{FAE04EC0-301F-11D3-BF4B-00C04F79EFBC}") = "Nexorsys.Identity.API.Tests", "tests\Nexorsys.Identity.API.Tests\Nexorsys.Identity.API.Tests.csproj", "{CF0363CD-EAFF-49E5-B9DB-1BFC3D120E4D}"
EndProject
Global
	GlobalSection(SolutionConfigurationPlatforms) = preSolution
		Debug|Any CPU = Debug|Any CPU
		Debug|x64 = Debug|x64
		Debug|x86 = Debug|x86
		Release|Any CPU = Release|Any CPU
		Release|x64 = Release|x64
		Release|x86 = Release|x86
	EndGlobalSection
	GlobalSection(ProjectConfigurationPlatforms) = postSolution
		{1142FC81-1642-4F6C-878D-B3769839ED4B}.Debug|Any CPU.ActiveCfg = Debug|Any CPU
		{1142FC81-1642-4F6C-878D-B3769839ED4B}.Debug|Any CPU.Build.0 = Debug|Any CPU
		{1142FC81-1642-4F6C-878D-B3769839ED4B}.Debug|x64.ActiveCfg = Debug|Any CPU
		{1142FC81-1642-4F6C-878D-B3769839ED4B}.Debug|x64.Build.0 = Debug|Any CPU
		{1142FC81-1642-4F6C-878D-B3769839ED4B}.Debug|x86.ActiveCfg = Debug|Any CPU
		{1142FC81-1642-4F6C-878D-B3769839ED4B}.Debug|x86.Build.0 = Debug|Any CPU
		{1142FC81-1642-4F6C-878D-B3769839ED4B}.Release|Any CPU.ActiveCfg = Release|Any CPU
		{1142FC81-1642-4F6C-878D-B3769839ED4B}.Release|Any CPU.Build.0 = Release|Any CPU
		{1142FC81-1642-4F6C-878D-B3769839ED4B}.Release|x64.ActiveCfg = Release|Any CPU
		{1142FC81-1642-4F6C-878D-B3769839ED4B}.Release|x64.Build.0 = Release|Any CPU
		{1142FC81-1642-4F6C-878D-B3769839ED4B}.Release|x86.ActiveCfg = Release|Any CPU
		{1142FC81-1642-4F6C-878D-B3769839ED4B}.Release|x86.Build.0 = Release|Any CPU
		{B2F74F58-C2EC-467B-9BE9-7CB255E7555C}.Debug|Any CPU.ActiveCfg = Debug|Any CPU
		{B2F74F58-C2EC-467B-9BE9-7CB255E7555C}.Debug|Any CPU.Build.0 = Debug|Any CPU
		{B2F74F58-C2EC-467B-9BE9-7CB255E7555C}.Debug|x64.ActiveCfg = Debug|Any CPU
		{B2F74F58-C2EC-467B-9BE9-7CB255E7555C}.Debug|x64.Build.0 = Debug|Any CPU
		{B2F74F58-C2EC-467B-9BE9-7CB255E7555C}.Debug|x86.ActiveCfg = Debug|Any CPU
		{B2F74F58-C2EC-467B-9BE9-7CB255E7555C}.Debug|x86.Build.0 = Debug|Any CPU
		{B2F74F58-C2EC-467B-9BE9-7CB255E7555C}.Release|Any CPU.ActiveCfg = Release|Any CPU
		{B2F74F58-C2EC-467B-9BE9-7CB255E7555C}.Release|Any CPU.Build.0 = Release|Any CPU
		{B2F74F58-C2EC-467B-9BE9-7CB255E7555C}.Release|x64.ActiveCfg = Release|Any CPU
		{B2F74F58-C2EC-467B-9BE9-7CB255E7555C}.Release|x64.Build.0 = Release|Any CPU
		{B2F74F58-C2EC-467B-9BE9-7CB255E7555C}.Release|x86.ActiveCfg = Release|Any CPU
		{B2F74F58-C2EC-467B-9BE9-7CB255E7555C}.Release|x86.Build.0 = Release|Any CPU
		{2EBA52BB-AEA4-43BF-A31B-E0D5F80755ED}.Debug|Any CPU.ActiveCfg = Debug|Any CPU
		{2EBA52BB-AEA4-43BF-A31B-E0D5F80755ED}.Debug|Any CPU.Build.0 = Debug|Any CPU
		{2EBA52BB-AEA4-43BF-A31B-E0D5F80755ED}.Debug|x64.ActiveCfg = Debug|Any CPU
		{2EBA52BB-AEA4-43BF-A31B-E0D5F80755ED}.Debug|x64.Build.0 = Debug|Any CPU
		{2EBA52BB-AEA4-43BF-A31B-E0D5F80755ED}.Debug|x86.ActiveCfg = Debug|Any CPU
		{2EBA52BB-AEA4-43BF-A31B-E0D5F80755ED}.Debug|x86.Build.0 = Debug|Any CPU
		{2EBA52BB-AEA4-43BF-A31B-E0D5F80755ED}.Release|Any CPU.ActiveCfg = Release|Any CPU
		{2EBA52BB-AEA4-43BF-A31B-E0D5F80755ED}.Release|Any CPU.Build.0 = Release|Any CPU
		{2EBA52BB-AEA4-43BF-A31B-E0D5F80755ED}.Release|x64.ActiveCfg = Release|Any CPU
		{2EBA52BB-AEA4-43BF-A31B-E0D5F80755ED}.Release|x64.Build.0 = Release|Any CPU
		{2EBA52BB-AEA4-43BF-A31B-E0D5F80755ED}.Release|x86.ActiveCfg = Release|Any CPU
		{2EBA52BB-AEA4-43BF-A31B-E0D5F80755ED}.Release|x86.Build.0 = Release|Any CPU
		{0AA72D22-51B3-4CAA-8220-06F8CDE22BF9}.Debug|Any CPU.ActiveCfg = Debug|Any CPU
		{0AA72D22-51B3-4CAA-8220-06F8CDE22BF9}.Debug|Any CPU.Build.0 = Debug|Any CPU
		{0AA72D22-51B3-4CAA-8220-06F8CDE22BF9}.Debug|x64.ActiveCfg = Debug|Any CPU
		{0AA72D22-51B3-4CAA-8220-06F8CDE22BF9}.Debug|x64.Build.0 = Debug|Any CPU
		{0AA72D22-51B3-4CAA-8220-06F8CDE22BF9}.Debug|x86.ActiveCfg = Debug|Any CPU
		{0AA72D22-51B3-4CAA-8220-06F8CDE22BF9}.Debug|x86.Build.0 = Debug|Any CPU
		{0AA72D22-51B3-4CAA-8220-06F8CDE22BF9}.Release|Any CPU.ActiveCfg = Release|Any CPU
		{0AA72D22-51B3-4CAA-8220-06F8CDE22BF9}.Release|Any CPU.Build.0 = Release|Any CPU
		{0AA72D22-51B3-4CAA-8220-06F8CDE22BF9}.Release|x64.ActiveCfg = Release|Any CPU
		{0AA72D22-51B3-4CAA-8220-06F8CDE22BF9}.Release|x64.Build.0 = Release|Any CPU
		{0AA72D22-51B3-4CAA-8220-06F8CDE22BF9}.Release|x86.ActiveCfg = Release|Any CPU
		{0AA72D22-51B3-4CAA-8220-06F8CDE22BF9}.Release|x86.Build.0 = Release|Any CPU
		{9F97E2E1-CCAC-4DDE-9EF0-E3032899B3A1}.Debug|Any CPU.ActiveCfg = Debug|Any CPU
		{9F97E2E1-CCAC-4DDE-9EF0-E3032899B3A1}.Debug|Any CPU.Build.0 = Debug|Any CPU
		{9F97E2E1-CCAC-4DDE-9EF0-E3032899B3A1}.Debug|x64.ActiveCfg = Debug|Any CPU
		{9F97E2E1-CCAC-4DDE-9EF0-E3032899B3A1}.Debug|x64.Build.0 = Debug|Any CPU
		{9F97E2E1-CCAC-4DDE-9EF0-E3032899B3A1}.Debug|x86.ActiveCfg = Debug|Any CPU
		{9F97E2E1-CCAC-4DDE-9EF0-E3032899B3A1}.Debug|x86.Build.0 = Debug|Any CPU
		{9F97E2E1-CCAC-4DDE-9EF0-E3032899B3A1}.Release|Any CPU.ActiveCfg = Release|Any CPU
		{9F97E2E1-CCAC-4DDE-9EF0-E3032899B3A1}.Release|Any CPU.Build.0 = Release|Any CPU
		{9F97E2E1-CCAC-4DDE-9EF0-E3032899B3A1}.Release|x64.ActiveCfg = Release|Any CPU
		{9F97E2E1-CCAC-4DDE-9EF0-E3032899B3A1}.Release|x64.Build.0 = Release|Any CPU
		{9F97E2E1-CCAC-4DDE-9EF0-E3032899B3A1}.Release|x86.ActiveCfg = Release|Any CPU
		{9F97E2E1-CCAC-4DDE-9EF0-E3032899B3A1}.Release|x86.Build.0 = Release|Any CPU
		{8E860AA1-FFC1-45A4-AF8C-699D653147D3}.Debug|Any CPU.ActiveCfg = Debug|Any CPU
		{8E860AA1-FFC1-45A4-AF8C-699D653147D3}.Debug|Any CPU.Build.0 = Debug|Any CPU
		{8E860AA1-FFC1-45A4-AF8C-699D653147D3}.Debug|x64.ActiveCfg = Debug|Any CPU
		{8E860AA1-FFC1-45A4-AF8C-699D653147D3}.Debug|x64.Build.0 = Debug|Any CPU
		{8E860AA1-FFC1-45A4-AF8C-699D653147D3}.Debug|x86.ActiveCfg = Debug|Any CPU
		{8E860AA1-FFC1-45A4-AF8C-699D653147D3}.Debug|x86.Build.0 = Debug|Any CPU
		{8E860AA1-FFC1-45A4-AF8C-699D653147D3}.Release|Any CPU.ActiveCfg = Release|Any CPU
		{8E860AA1-FFC1-45A4-AF8C-699D653147D3}.Release|Any CPU.Build.0 = Release|Any CPU
		{8E860AA1-FFC1-45A4-AF8C-699D653147D3}.Release|x64.ActiveCfg = Release|Any CPU
		{8E860AA1-FFC1-45A4-AF8C-699D653147D3}.Release|x64.Build.0 = Release|Any CPU
		{8E860AA1-FFC1-45A4-AF8C-699D653147D3}.Release|x86.ActiveCfg = Release|Any CPU
		{8E860AA1-FFC1-45A4-AF8C-699D653147D3}.Release|x86.Build.0 = Release|Any CPU
		{211629DD-76AE-4160-88B8-808E03D7CBFB}.Debug|Any CPU.ActiveCfg = Debug|Any CPU
		{211629DD-76AE-4160-88B8-808E03D7CBFB}.Debug|Any CPU.Build.0 = Debug|Any CPU
		{211629DD-76AE-4160-88B8-808E03D7CBFB}.Debug|x64.ActiveCfg = Debug|Any CPU
		{211629DD-76AE-4160-88B8-808E03D7CBFB}.Debug|x64.Build.0 = Debug|Any CPU
		{211629DD-76AE-4160-88B8-808E03D7CBFB}.Debug|x86.ActiveCfg = Debug|Any CPU
		{211629DD-76AE-4160-88B8-808E03D7CBFB}.Debug|x86.Build.0 = Debug|Any CPU
		{211629DD-76AE-4160-88B8-808E03D7CBFB}.Release|Any CPU.ActiveCfg = Release|Any CPU
		{211629DD-76AE-4160-88B8-808E03D7CBFB}.Release|Any CPU.Build.0 = Release|Any CPU
		{211629DD-76AE-4160-88B8-808E03D7CBFB}.Release|x64.ActiveCfg = Release|Any CPU
		{211629DD-76AE-4160-88B8-808E03D7CBFB}.Release|x64.Build.0 = Release|Any CPU
		{211629DD-76AE-4160-88B8-808E03D7CBFB}.Release|x86.ActiveCfg = Release|Any CPU
		{211629DD-76AE-4160-88B8-808E03D7CBFB}.Release|x86.Build.0 = Release|Any CPU
		{D16B54BD-7774-4CDA-80B3-2924DA437348}.Debug|Any CPU.ActiveCfg = Debug|Any CPU
		{D16B54BD-7774-4CDA-80B3-2924DA437348}.Debug|Any CPU.Build.0 = Debug|Any CPU
		{D16B54BD-7774-4CDA-80B3-2924DA437348}.Debug|x64.ActiveCfg = Debug|Any CPU
		{D16B54BD-7774-4CDA-80B3-2924DA437348}.Debug|x64.Build.0 = Debug|Any CPU
		{D16B54BD-7774-4CDA-80B3-2924DA437348}.Debug|x86.ActiveCfg = Debug|Any CPU
		{D16B54BD-7774-4CDA-80B3-2924DA437348}.Debug|x86.Build.0 = Debug|Any CPU
		{D16B54BD-7774-4CDA-80B3-2924DA437348}.Release|Any CPU.ActiveCfg = Release|Any CPU
		{D16B54BD-7774-4CDA-80B3-2924DA437348}.Release|Any CPU.Build.0 = Release|Any CPU
		{D16B54BD-7774-4CDA-80B3-2924DA437348}.Release|x64.ActiveCfg = Release|Any CPU
		{D16B54BD-7774-4CDA-80B3-2924DA437348}.Release|x64.Build.0 = Release|Any CPU
		{D16B54BD-7774-4CDA-80B3-2924DA437348}.Release|x86.ActiveCfg = Release|Any CPU
		{D16B54BD-7774-4CDA-80B3-2924DA437348}.Release|x86.Build.0 = Release|Any CPU
		{CF0363CD-EAFF-49E5-B9DB-1BFC3D120E4D}.Debug|Any CPU.ActiveCfg = Debug|Any CPU
		{CF0363CD-EAFF-49E5-B9DB-1BFC3D120E4D}.Debug|Any CPU.Build.0 = Debug|Any CPU
		{CF0363CD-EAFF-49E5-B9DB-1BFC3D120E4D}.Debug|x64.ActiveCfg = Debug|Any CPU
		{CF0363CD-EAFF-49E5-B9DB-1BFC3D120E4D}.Debug|x64.Build.0 = Debug|Any CPU
		{CF0363CD-EAFF-49E5-B9DB-1BFC3D120E4D}.Debug|x86.ActiveCfg = Debug|Any CPU
		{CF0363CD-EAFF-49E5-B9DB-1BFC3D120E4D}.Debug|x86.Build.0 = Debug|Any CPU
		{CF0363CD-EAFF-49E5-B9DB-1BFC3D120E4D}.Release|Any CPU.ActiveCfg = Release|Any CPU
		{CF0363CD-EAFF-49E5-B9DB-1BFC3D120E4D}.Release|Any CPU.Build.0 = Release|Any CPU
		{CF0363CD-EAFF-49E5-B9DB-1BFC3D120E4D}.Release|x64.ActiveCfg = Release|Any CPU
		{CF0363CD-EAFF-49E5-B9DB-1BFC3D120E4D}.Release|x64.Build.0 = Release|Any CPU
		{CF0363CD-EAFF-49E5-B9DB-1BFC3D120E4D}.Release|x86.ActiveCfg = Release|Any CPU
		{CF0363CD-EAFF-49E5-B9DB-1BFC3D120E4D}.Release|x86.Build.0 = Release|Any CPU
	EndGlobalSection
	GlobalSection(SolutionProperties) = preSolution
		HideSolutionNode = FALSE
	EndGlobalSection
	GlobalSection(NestedProjects) = preSolution
		{1142FC81-1642-4F6C-878D-B3769839ED4B} = {7F990945-59DB-49FD-A4E3-63FE5109F5CB}
		{B2F74F58-C2EC-467B-9BE9-7CB255E7555C} = {7F990945-59DB-49FD-A4E3-63FE5109F5CB}
		{2EBA52BB-AEA4-43BF-A31B-E0D5F80755ED} = {7F990945-59DB-49FD-A4E3-63FE5109F5CB}
		{0AA72D22-51B3-4CAA-8220-06F8CDE22BF9} = {7F990945-59DB-49FD-A4E3-63FE5109F5CB}
		{9F97E2E1-CCAC-4DDE-9EF0-E3032899B3A1} = {7F990945-59DB-49FD-A4E3-63FE5109F5CB}
		{8E860AA1-FFC1-45A4-AF8C-699D653147D3} = {0AB3BF05-4346-4AA6-1389-037BE0695223}
		{211629DD-76AE-4160-88B8-808E03D7CBFB} = {07C2787E-EAC7-C090-1BA3-A61EC2A24D84}
		{D16B54BD-7774-4CDA-80B3-2924DA437348} = {0AB3BF05-4346-4AA6-1389-037BE0695223}
		{CF0363CD-EAFF-49E5-B9DB-1BFC3D120E4D} = {0AB3BF05-4346-4AA6-1389-037BE0695223}
	EndGlobalSection
EndGlobal
